
Microsoft Visual Studio Solution File, Format Version 12.00
# Visual Studio Version 16
VisualStudioVersion = 16.0.29905.134
MinimumVisualStudioVersion = 10.0.40219.1
Project("{FAE04EC0-301F-11D3-BF4B-00C04F79EFBC}") = "NUnitTestProject1", "NUnitTestProject1\NUnitTestProject1.csproj", "{1FB2A961-2C72-429C-A089-85703E40DD2D}"
EndProject
Global
	GlobalSection(SolutionConfigurationPlatforms) = preSolution
		Debug|Any CPU = Debug|Any CPU
		Release|Any CPU = Release|Any CPU
	EndGlobalSection
	GlobalSection(ProjectConfigurationPlatforms) = postSolution
		{1FB2A961-2C72-429C-A089-85703E40DD2D}.Debug|Any CPU.ActiveCfg = Debug|Any CPU
		{1FB2A961-2C72-429C-A089-85703E40DD2D}.Debug|Any CPU.Build.0 = Debug|Any CPU
		{1FB2A961-2C72-429C-A089-85703E40DD2D}.Release|Any CPU.ActiveCfg = Release|Any CPU
		{1FB2A961-2C72-429C-A089-85703E40DD2D}.Release|Any CPU.Build.0 = Release|Any CPU
	EndGlobalSection
	GlobalSection(SolutionProperties) = preSolution
		HideSolutionNode = FALSE
	EndGlobalSection
	GlobalSection(ExtensibilityGlobals) = postSolution
		SolutionGuid = {6B344E85-7298-45C5-BCE2-78ADFCFCBFB7}
	EndGlobalSection
EndGlobal
